
Microsoft Visual Studio Solution File, Format Version 12.00
# Visual Studio Version 16
VisualStudioVersion = 16.0.29424.173
MinimumVisualStudioVersion = 10.0.40219.1
Project("{9A19103F-16F7-4668-BE54-9A1E7A4F7556}") = "agregator_linków", "agregator_linków\agregator_linków.csproj", "{C36455C8-8C47-44F3-ABD9-5919342D2011}"
EndProject
Project("{9A19103F-16F7-4668-BE54-9A1E7A4F7556}") = "ComponetRegister", "ComponetRegister\ComponetRegister.csproj", "{15D77711-6AD2-4DC6-8A57-C07420C18A39}"
EndProject
Project("{9A19103F-16F7-4668-BE54-9A1E7A4F7556}") = "ComponetRegisterClient", "RegisterClient\ComponetRegisterClient.csproj", "{BBCD19A8-F250-42A1-8350-79AD3A642CD9}"
EndProject
Global
	GlobalSection(SolutionConfigurationPlatforms) = preSolution
		Debug|Any CPU = Debug|Any CPU
		Release|Any CPU = Release|Any CPU
	EndGlobalSection
	GlobalSection(ProjectConfigurationPlatforms) = postSolution
		{C36455C8-8C47-44F3-ABD9-5919342D2011}.Debug|Any CPU.ActiveCfg = Debug|Any CPU
		{C36455C8-8C47-44F3-ABD9-5919342D2011}.Debug|Any CPU.Build.0 = Debug|Any CPU
		{C36455C8-8C47-44F3-ABD9-5919342D2011}.Release|Any CPU.ActiveCfg = Release|Any CPU
		{C36455C8-8C47-44F3-ABD9-5919342D2011}.Release|Any CPU.Build.0 = Release|Any CPU
		{15D77711-6AD2-4DC6-8A57-C07420C18A39}.Debug|Any CPU.ActiveCfg = Debug|Any CPU
		{15D77711-6AD2-4DC6-8A57-C07420C18A39}.Debug|Any CPU.Build.0 = Debug|Any CPU
		{15D77711-6AD2-4DC6-8A57-C07420C18A39}.Release|Any CPU.ActiveCfg = Release|Any CPU
		{15D77711-6AD2-4DC6-8A57-C07420C18A39}.Release|Any CPU.Build.0 = Release|Any CPU
		{BBCD19A8-F250-42A1-8350-79AD3A642CD9}.Debug|Any CPU.ActiveCfg = Debug|Any CPU
		{BBCD19A8-F250-42A1-8350-79AD3A642CD9}.Debug|Any CPU.Build.0 = Debug|Any CPU
		{BBCD19A8-F250-42A1-8350-79AD3A642CD9}.Release|Any CPU.ActiveCfg = Release|Any CPU
		{BBCD19A8-F250-42A1-8350-79AD3A642CD9}.Release|Any CPU.Build.0 = Release|Any CPU
	EndGlobalSection
	GlobalSection(SolutionProperties) = preSolution
		HideSolutionNode = FALSE
	EndGlobalSection
	GlobalSection(ExtensibilityGlobals) = postSolution
		SolutionGuid = {D0EB9FE5-EF64-458E-86FB-873DBDC189EA}
	EndGlobalSection
EndGlobal
